
Microsoft Visual Studio Solution File, Format Version 12.00
# Visual Studio Version 16
VisualStudioVersion = 16.0.30503.244
MinimumVisualStudioVersion = 10.0.40219.1
Project("{F184B08F-C81C-45F6-A57F-5ABD9991F28F}") = "DispensarioTresValles", "DispensarioTresValles\DispensarioTresValles.vbproj", "{4B58A7A0-3F5A-40C2-B543-B06904E5F630}"
EndProject
Global
	GlobalSection(SolutionConfigurationPlatforms) = preSolution
		Debug|Any CPU = Debug|Any CPU
		Release|Any CPU = Release|Any CPU
	EndGlobalSection
	GlobalSection(ProjectConfigurationPlatforms) = postSolution
		{4B58A7A0-3F5A-40C2-B543-B06904E5F630}.Debug|Any CPU.ActiveCfg = Debug|Any CPU
		{4B58A7A0-3F5A-40C2-B543-B06904E5F630}.Debug|Any CPU.Build.0 = Debug|Any CPU
		{4B58A7A0-3F5A-40C2-B543-B06904E5F630}.Release|Any CPU.ActiveCfg = Release|Any CPU
		{4B58A7A0-3F5A-40C2-B543-B06904E5F630}.Release|Any CPU.Build.0 = Release|Any CPU
	EndGlobalSection
	GlobalSection(SolutionProperties) = preSolution
		HideSolutionNode = FALSE
	EndGlobalSection
	GlobalSection(ExtensibilityGlobals) = postSolution
		SolutionGuid = {646D8CCE-839C-4E90-828C-459F1E8FAB85}
	EndGlobalSection
EndGlobal
